
Microsoft Visual Studio Solution File, Format Version 12.00
# Visual Studio Version 17
VisualStudioVersion = 17.8.34330.188
MinimumVisualStudioVersion = 10.0.40219.1
Project("{FAE04EC0-301F-11D3-BF4B-00C04F79EFBC}") = "Backend.Ventas", "Backend.Ventas.csproj", "{CEBDEEE0-26AE-4D35-A0CE-73A8057C4644}"
EndProject
Global
	GlobalSection(SolutionConfigurationPlatforms) = preSolution
		Debug|Any CPU = Debug|Any CPU
		Release|Any CPU = Release|Any CPU
	EndGlobalSection
	GlobalSection(ProjectConfigurationPlatforms) = postSolution
		{CEBDEEE0-26AE-4D35-A0CE-73A8057C4644}.Debug|Any CPU.ActiveCfg = Debug|Any CPU
		{CEBDEEE0-26AE-4D35-A0CE-73A8057C4644}.Debug|Any CPU.Build.0 = Debug|Any CPU
		{CEBDEEE0-26AE-4D35-A0CE-73A8057C4644}.Release|Any CPU.ActiveCfg = Release|Any CPU
		{CEBDEEE0-26AE-4D35-A0CE-73A8057C4644}.Release|Any CPU.Build.0 = Release|Any CPU
	EndGlobalSection
	GlobalSection(SolutionProperties) = preSolution
		HideSolutionNode = FALSE
	EndGlobalSection
	GlobalSection(ExtensibilityGlobals) = postSolution
		SolutionGuid = {7119541C-17E9-4508-9369-2AA0CC59056D}
	EndGlobalSection
EndGlobal
