
Microsoft Visual Studio Solution File, Format Version 12.00
# Visual Studio Version 17
VisualStudioVersion = 17.8.34330.188
MinimumVisualStudioVersion = 10.0.40219.1
Project("{FAE04EC0-301F-11D3-BF4B-00C04F79EFBC}") = "ServicesApi", "ServicesApi.csproj", "{043AFC99-5A33-41E7-9CDA-4B7CC4500431}"
EndProject
Global
	GlobalSection(SolutionConfigurationPlatforms) = preSolution
		Debug|Any CPU = Debug|Any CPU
		Release|Any CPU = Release|Any CPU
	EndGlobalSection
	GlobalSection(ProjectConfigurationPlatforms) = postSolution
		{043AFC99-5A33-41E7-9CDA-4B7CC4500431}.Debug|Any CPU.ActiveCfg = Debug|Any CPU
		{043AFC99-5A33-41E7-9CDA-4B7CC4500431}.Debug|Any CPU.Build.0 = Debug|Any CPU
		{043AFC99-5A33-41E7-9CDA-4B7CC4500431}.Release|Any CPU.ActiveCfg = Release|Any CPU
		{043AFC99-5A33-41E7-9CDA-4B7CC4500431}.Release|Any CPU.Build.0 = Release|Any CPU
	EndGlobalSection
	GlobalSection(SolutionProperties) = preSolution
		HideSolutionNode = FALSE
	EndGlobalSection
	GlobalSection(ExtensibilityGlobals) = postSolution
		SolutionGuid = {996690BF-E6CA-4CD2-9EED-5344B7486236}
	EndGlobalSection
EndGlobal
